// !$*UTF8*$!
{
	archiveVersion = 1;
	classes = {
	};
	objectVersion = 77;
	objects = {

/* Begin PBXBuildFile section */
		1C1AA93C2CC82338005CCE41 /* SVGKit in Frameworks */ = {isa = PBXBuildFile; productRef = 1C1AA93B2CC82338005CCE41 /* SVGKit */; };
		1C1AA93E2CC82338005CCE41 /* SVGKitSwift in Frameworks */ = {isa = PBXBuildFile; productRef = 1C1AA93D2CC82338005CCE41 /* SVGKitSwift */; };
		1C1AA9412CC8285B005CCE41 /* FirebaseAnalytics in Frameworks */ = {isa = PBXBuildFile; productRef = 1C1AA9402CC8285B005CCE41 /* FirebaseAnalytics */; };
		1C1AA9432CC8285B005CCE41 /* FirebaseAnalyticsOnDeviceConversion in Frameworks */ = {isa = PBXBuildFile; productRef = 1C1AA9422CC8285B005CCE41 /* FirebaseAnalyticsOnDeviceConversion */; };
		1C1AA9452CC8285B005CCE41 /* FirebaseAnalyticsWithoutAdIdSupport in Frameworks */ = {isa = PBXBuildFile; productRef = 1C1AA9442CC8285B005CCE41 /* FirebaseAnalyticsWithoutAdIdSupport */; };
		1C1AA9472CC8285B005CCE41 /* FirebaseAppCheck in Frameworks */ = {isa = PBXBuildFile; productRef = 1C1AA9462CC8285B005CCE41 /* FirebaseAppCheck */; };
		1C1AA9492CC8285B005CCE41 /* FirebaseAppDistribution-Beta in Frameworks */ = {isa = PBXBuildFile; productRef = 1C1AA9482CC8285B005CCE41 /* FirebaseAppDistribution-Beta */; };
/* End PBXBuildFile section */

/* Begin PBXContainerItemProxy section */
		1CC094D42CC81B370018C89D /* PBXContainerItemProxy */ = {
			isa = PBXContainerItemProxy;
			containerPortal = 1CC094BB2CC81B360018C89D /* Project object */;
			proxyType = 1;
			remoteGlobalIDString = 1CC094C22CC81B360018C89D;
			remoteInfo = GO;
		};
		1CC094DE2CC81B370018C89D /* PBXContainerItemProxy */ = {
			isa = PBXContainerItemProxy;
			containerPortal = 1CC094BB2CC81B360018C89D /* Project object */;
			proxyType = 1;
			remoteGlobalIDString = 1CC094C22CC81B360018C89D;
			remoteInfo = GO;
		};
/* End PBXContainerItemProxy section */

/* Begin PBXFileReference section */
		1CC094C32CC81B360018C89D /* GO.app */ = {isa = PBXFileReference; explicitFileType = wrapper.application; includeInIndex = 0; path = GO.app; sourceTree = BUILT_PRODUCTS_DIR; };
		1CC094D32CC81B370018C89D /* GOTests.xctest */ = {isa = PBXFileReference; explicitFileType = wrapper.cfbundle; includeInIndex = 0; path = GOTests.xctest; sourceTree = BUILT_PRODUCTS_DIR; };
		1CC094DD2CC81B370018C89D /* GOUITests.xctest */ = {isa = PBXFileReference; explicitFileType = wrapper.cfbundle; includeInIndex = 0; path = GOUITests.xctest; sourceTree = BUILT_PRODUCTS_DIR; };
/* End PBXFileReference section */

/* Begin PBXFileSystemSynchronizedRootGroup section */
		1CC094C52CC81B360018C89D /* GO */ = {
			isa = PBXFileSystemSynchronizedRootGroup;
			path = GO;
			sourceTree = "<group>";
		};
		1CC094D62CC81B370018C89D /* GOTests */ = {
			isa = PBXFileSystemSynchronizedRootGroup;
			path = GOTests;
			sourceTree = "<group>";
		};
		1CC094E02CC81B370018C89D /* GOUITests */ = {
			isa = PBXFileSystemSynchronizedRootGroup;
			path = GOUITests;
			sourceTree = "<group>";
		};
/* End PBXFileSystemSynchronizedRootGroup section */

/* Begin PBXFrameworksBuildPhase section */
		1CC094C02CC81B360018C89D /* Frameworks */ = {
			isa = PBXFrameworksBuildPhase;
			buildActionMask = 2147483647;
			files = (
				1C1AA9492CC8285B005CCE41 /* FirebaseAppDistribution-Beta in Frameworks */,
				1C1AA93E2CC82338005CCE41 /* SVGKitSwift in Frameworks */,
				1C1AA9452CC8285B005CCE41 /* FirebaseAnalyticsWithoutAdIdSupport in Frameworks */,
				1C1AA93C2CC82338005CCE41 /* SVGKit in Frameworks */,
				1C1AA9412CC8285B005CCE41 /* FirebaseAnalytics in Frameworks */,
				1C1AA9472CC8285B005CCE41 /* FirebaseAppCheck in Frameworks */,
				1C1AA9432CC8285B005CCE41 /* FirebaseAnalyticsOnDeviceConversion in Frameworks */,
			);
			runOnlyForDeploymentPostprocessing = 0;
		};
		1CC094D02CC81B370018C89D /* Frameworks */ = {
			isa = PBXFrameworksBuildPhase;
			buildActionMask = 2147483647;
			files = (
			);
			runOnlyForDeploymentPostprocessing = 0;
		};
		1CC094DA2CC81B370018C89D /* Frameworks */ = {
			isa = PBXFrameworksBuildPhase;
			buildActionMask = 2147483647;
			files = (
			);
			runOnlyForDeploymentPostprocessing = 0;
		};
/* End PBXFrameworksBuildPhase section */

/* Begin PBXGroup section */
		1CC094BA2CC81B360018C89D = {
			isa = PBXGroup;
			children = (
				1CC094C52CC81B360018C89D /* GO */,
				1CC094D62CC81B370018C89D /* GOTests */,
				1CC094E02CC81B370018C89D /* GOUITests */,
				1CC094C42CC81B360018C89D /* Products */,
			);
			sourceTree = "<group>";
		};
		1CC094C42CC81B360018C89D /* Products */ = {
			isa = PBXGroup;
			children = (
				1CC094C32CC81B360018C89D /* GO.app */,
				1CC094D32CC81B370018C89D /* GOTests.xctest */,
				1CC094DD2CC81B370018C89D /* GOUITests.xctest */,
			);
			name = Products;
			sourceTree = "<group>";
		};
/* End PBXGroup section */

/* Begin PBXNativeTarget section */
		1CC094C22CC81B360018C89D /* GO */ = {
			isa = PBXNativeTarget;
			buildConfigurationList = 1CC094E72CC81B370018C89D /* Build configuration list for PBXNativeTarget "GO" */;
			buildPhases = (
				1CC094BF2CC81B360018C89D /* Sources */,
				1CC094C02CC81B360018C89D /* Frameworks */,
				1CC094C12CC81B360018C89D /* Resources */,
			);
			buildRules = (
			);
			dependencies = (
			);
			fileSystemSynchronizedGroups = (
				1CC094C52CC81B360018C89D /* GO */,
			);
			name = GO;
			packageProductDependencies = (
				1C1AA93B2CC82338005CCE41 /* SVGKit */,
				1C1AA93D2CC82338005CCE41 /* SVGKitSwift */,
				1C1AA9402CC8285B005CCE41 /* FirebaseAnalytics */,
				1C1AA9422CC8285B005CCE41 /* FirebaseAnalyticsOnDeviceConversion */,
				1C1AA9442CC8285B005CCE41 /* FirebaseAnalyticsWithoutAdIdSupport */,
				1C1AA9462CC8285B005CCE41 /* FirebaseAppCheck */,
				1C1AA9482CC8285B005CCE41 /* FirebaseAppDistribution-Beta */,
			);
			productName = GO;
			productReference = 1CC094C32CC81B360018C89D /* GO.app */;
			productType = "com.apple.product-type.application";
		};
		1CC094D22CC81B370018C89D /* GOTests */ = {
			isa = PBXNativeTarget;
			buildConfigurationList = 1CC094EA2CC81B370018C89D /* Build configuration list for PBXNativeTarget "GOTests" */;
			buildPhases = (
				1CC094CF2CC81B370018C89D /* Sources */,
				1CC094D02CC81B370018C89D /* Frameworks */,
				1CC094D12CC81B370018C89D /* Resources */,
			);
			buildRules = (
			);
			dependencies = (
				1CC094D52CC81B370018C89D /* PBXTargetDependency */,
			);
			fileSystemSynchronizedGroups = (
				1CC094D62CC81B370018C89D /* GOTests */,
			);
			name = GOTests;
			packageProductDependencies = (
			);
			productName = GOTests;
			productReference = 1CC094D32CC81B370018C89D /* GOTests.xctest */;
			productType = "com.apple.product-type.bundle.unit-test";
		};
		1CC094DC2CC81B370018C89D /* GOUITests */ = {
			isa = PBXNativeTarget;
			buildConfigurationList = 1CC094ED2CC81B370018C89D /* Build configuration list for PBXNativeTarget "GOUITests" */;
			buildPhases = (
				1CC094D92CC81B370018C89D /* Sources */,
				1CC094DA2CC81B370018C89D /* Frameworks */,
				1CC094DB2CC81B370018C89D /* Resources */,
			);
			buildRules = (
			);
			dependencies = (
				1CC094DF2CC81B370018C89D /* PBXTargetDependency */,
			);
			fileSystemSynchronizedGroups = (
				1CC094E02CC81B370018C89D /* GOUITests */,
			);
			name = GOUITests;
			packageProductDependencies = (
			);
			productName = GOUITests;
			productReference = 1CC094DD2CC81B370018C89D /* GOUITests.xctest */;
			productType = "com.apple.product-type.bundle.ui-testing";
		};
/* End PBXNativeTarget section */

/* Begin PBXProject section */
		1CC094BB2CC81B360018C89D /* Project object */ = {
			isa = PBXProject;
			attributes = {
				BuildIndependentTargetsInParallel = 1;
				LastSwiftUpdateCheck = 1600;
				LastUpgradeCheck = 1600;
				TargetAttributes = {
					1CC094C22CC81B360018C89D = {
						CreatedOnToolsVersion = 16.0;
					};
					1CC094D22CC81B370018C89D = {
						CreatedOnToolsVersion = 16.0;
						TestTargetID = 1CC094C22CC81B360018C89D;
					};
					1CC094DC2CC81B370018C89D = {
						CreatedOnToolsVersion = 16.0;
						TestTargetID = 1CC094C22CC81B360018C89D;
					};
				};
			};
			buildConfigurationList = 1CC094BE2CC81B360018C89D /* Build configuration list for PBXProject "GO" */;
			developmentRegion = en;
			hasScannedForEncodings = 0;
			knownRegions = (
				en,
				Base,
			);
			mainGroup = 1CC094BA2CC81B360018C89D;
			minimizedProjectReferenceProxies = 1;
			packageReferences = (
				1C1AA93A2CC82338005CCE41 /* XCRemoteSwiftPackageReference "SVGKit" */,
				1C1AA93F2CC8285B005CCE41 /* XCRemoteSwiftPackageReference "firebase-ios-sdk" */,
			);
			preferredProjectObjectVersion = 77;
			productRefGroup = 1CC094C42CC81B360018C89D /* Products */;
			projectDirPath = "";
			projectRoot = "";
			targets = (
				1CC094C22CC81B360018C89D /* GO */,
				1CC094D22CC81B370018C89D /* GOTests */,
				1CC094DC2CC81B370018C89D /* GOUITests */,
			);
		};
/* End PBXProject section */

/* Begin PBXResourcesBuildPhase section */
		1CC094C12CC81B360018C89D /* Resources */ = {
			isa = PBXResourcesBuildPhase;
			buildActionMask = 2147483647;
			files = (
			);
			runOnlyForDeploymentPostprocessing = 0;
		};
		1CC094D12CC81B370018C89D /* Resources */ = {
			isa = PBXResourcesBuildPhase;
			buildActionMask = 2147483647;
			files = (
			);
			runOnlyForDeploymentPostprocessing = 0;
		};
		1CC094DB2CC81B370018C89D /* Resources */ = {
			isa = PBXResourcesBuildPhase;
			buildActionMask = 2147483647;
			files = (
			);
			runOnlyForDeploymentPostprocessing = 0;
		};
/* End PBXResourcesBuildPhase section */

/* Begin PBXSourcesBuildPhase section */
		1CC094BF2CC81B360018C89D /* Sources */ = {
			isa = PBXSourcesBuildPhase;
			buildActionMask = 2147483647;
			files = (
			);
			runOnlyForDeploymentPostprocessing = 0;
		};
		1CC094CF2CC81B370018C89D /* Sources */ = {
			isa = PBXSourcesBuildPhase;
			buildActionMask = 2147483647;
			files = (
			);
			runOnlyForDeploymentPostprocessing = 0;
		};
		1CC094D92CC81B370018C89D /* Sources */ = {
			isa = PBXSourcesBuildPhase;
			buildActionMask = 2147483647;
			files = (
			);
			runOnlyForDeploymentPostprocessing = 0;
		};
/* End PBXSourcesBuildPhase section */

/* Begin PBXTargetDependency section */
		1CC094D52CC81B370018C89D /* PBXTargetDependency */ = {
			isa = PBXTargetDependency;
			target = 1CC094C22CC81B360018C89D /* GO */;
			targetProxy = 1CC094D42CC81B370018C89D /* PBXContainerItemProxy */;
		};
		1CC094DF2CC81B370018C89D /* PBXTargetDependency */ = {
			isa = PBXTargetDependency;
			target = 1CC094C22CC81B360018C89D /* GO */;
			targetProxy = 1CC094DE2CC81B370018C89D /* PBXContainerItemProxy */;
		};
/* End PBXTargetDependency section */

/* Begin XCBuildConfiguration section */
		1CC094E52CC81B370018C89D /* Debug */ = {
			isa = XCBuildConfiguration;
			buildSettings = {
				ALWAYS_SEARCH_USER_PATHS = NO;
				ASSETCATALOG_COMPILER_GENERATE_SWIFT_ASSET_SYMBOL_EXTENSIONS = YES;
				CLANG_ANALYZER_NONNULL = YES;
				CLANG_ANALYZER_NUMBER_OBJECT_CONVERSION = YES_AGGRESSIVE;
				CLANG_CXX_LANGUAGE_STANDARD = "gnu++20";
				CLANG_ENABLE_MODULES = YES;
				CLANG_ENABLE_OBJC_ARC = YES;
				CLANG_ENABLE_OBJC_WEAK = YES;
				CLANG_WARN_BLOCK_CAPTURE_AUTORELEASING = YES;
				CLANG_WARN_BOOL_CONVERSION = YES;
				CLANG_WARN_COMMA = YES;
				CLANG_WARN_CONSTANT_CONVERSION = YES;
				CLANG_WARN_DEPRECATED_OBJC_IMPLEMENTATIONS = YES;
				CLANG_WARN_DIRECT_OBJC_ISA_USAGE = YES_ERROR;
				CLANG_WARN_DOCUMENTATION_COMMENTS = YES;
				CLANG_WARN_EMPTY_BODY = YES;
				CLANG_WARN_ENUM_CONVERSION = YES;
				CLANG_WARN_INFINITE_RECURSION = YES;
				CLANG_WARN_INT_CONVERSION = YES;
				CLANG_WARN_NON_LITERAL_NULL_CONVERSION = YES;
				CLANG_WARN_OBJC_IMPLICIT_RETAIN_SELF = YES;
				CLANG_WARN_OBJC_LITERAL_CONVERSION = YES;
				CLANG_WARN_OBJC_ROOT_CLASS = YES_ERROR;
				CLANG_WARN_QUOTED_INCLUDE_IN_FRAMEWORK_HEADER = YES;
				CLANG_WARN_RANGE_LOOP_ANALYSIS = YES;
				CLANG_WARN_STRICT_PROTOTYPES = YES;
				CLANG_WARN_SUSPICIOUS_MOVE = YES;
				CLANG_WARN_UNGUARDED_AVAILABILITY = YES_AGGRESSIVE;
				CLANG_WARN_UNREACHABLE_CODE = YES;
				CLANG_WARN__DUPLICATE_METHOD_MATCH = YES;
				COPY_PHASE_STRIP = NO;
				DEBUG_INFORMATION_FORMAT = dwarf;
				ENABLE_STRICT_OBJC_MSGSEND = YES;
				ENABLE_TESTABILITY = YES;
				ENABLE_USER_SCRIPT_SANDBOXING = YES;
				GCC_C_LANGUAGE_STANDARD = gnu17;
				GCC_DYNAMIC_NO_PIC = NO;
				GCC_NO_COMMON_BLOCKS = YES;
				GCC_OPTIMIZATION_LEVEL = 0;
				GCC_PREPROCESSOR_DEFINITIONS = (
					"DEBUG=1",
					"$(inherited)",
				);
				GCC_WARN_64_TO_32_BIT_CONVERSION = YES;
				GCC_WARN_ABOUT_RETURN_TYPE = YES_ERROR;
				GCC_WARN_UNDECLARED_SELECTOR = YES;
				GCC_WARN_UNINITIALIZED_AUTOS = YES_AGGRESSIVE;
				GCC_WARN_UNUSED_FUNCTION = YES;
				GCC_WARN_UNUSED_VARIABLE = YES;
				IPHONEOS_DEPLOYMENT_TARGET = 18.0;
				LOCALIZATION_PREFERS_STRING_CATALOGS = YES;
				MTL_ENABLE_DEBUG_INFO = INCLUDE_SOURCE;
				MTL_FAST_MATH = YES;
				ONLY_ACTIVE_ARCH = YES;
				SDKROOT = iphoneos;
				SWIFT_ACTIVE_COMPILATION_CONDITIONS = "DEBUG $(inherited)";
				SWIFT_OPTIMIZATION_LEVEL = "-Onone";
			};
			name = Debug;
		};
		1CC094E62CC81B370018C89D /* Release */ = {
			isa = XCBuildConfiguration;
			buildSettings = {
				ALWAYS_SEARCH_USER_PATHS = NO;
				ASSETCATALOG_COMPILER_GENERATE_SWIFT_ASSET_SYMBOL_EXTENSIONS = YES;
				CLANG_ANALYZER_NONNULL = YES;
				CLANG_ANALYZER_NUMBER_OBJECT_CONVERSION = YES_AGGRESSIVE;
				CLANG_CXX_LANGUAGE_STANDARD = "gnu++20";
				CLANG_ENABLE_MODULES = YES;
				CLANG_ENABLE_OBJC_ARC = YES;
				CLANG_ENABLE_OBJC_WEAK = YES;
				CLANG_WARN_BLOCK_CAPTURE_AUTORELEASING = YES;
				CLANG_WARN_BOOL_CONVERSION = YES;
				CLANG_WARN_COMMA = YES;
				CLANG_WARN_CONSTANT_CONVERSION = YES;
				CLANG_WARN_DEPRECATED_OBJC_IMPLEMENTATIONS = YES;
				CLANG_WARN_DIRECT_OBJC_ISA_USAGE = YES_ERROR;
				CLANG_WARN_DOCUMENTATION_COMMENTS = YES;
				CLANG_WARN_EMPTY_BODY = YES;
				CLANG_WARN_ENUM_CONVERSION = YES;
				CLANG_WARN_INFINITE_RECURSION = YES;
				CLANG_WARN_INT_CONVERSION = YES;
				CLANG_WARN_NON_LITERAL_NULL_CONVERSION = YES;
				CLANG_WARN_OBJC_IMPLICIT_RETAIN_SELF = YES;
				CLANG_WARN_OBJC_LITERAL_CONVERSION = YES;
				CLANG_WARN_OBJC_ROOT_CLASS = YES_ERROR;
				CLANG_WARN_QUOTED_INCLUDE_IN_FRAMEWORK_HEADER = YES;
				CLANG_WARN_RANGE_LOOP_ANALYSIS = YES;
				CLANG_WARN_STRICT_PROTOTYPES = YES;
				CLANG_WARN_SUSPICIOUS_MOVE = YES;
				CLANG_WARN_UNGUARDED_AVAILABILITY = YES_AGGRESSIVE;
				CLANG_WARN_UNREACHABLE_CODE = YES;
				CLANG_WARN__DUPLICATE_METHOD_MATCH = YES;
				COPY_PHASE_STRIP = NO;
				DEBUG_INFORMATION_FORMAT = "dwarf-with-dsym";
				ENABLE_NS_ASSERTIONS = NO;
				ENABLE_STRICT_OBJC_MSGSEND = YES;
				ENABLE_USER_SCRIPT_SANDBOXING = YES;
				GCC_C_LANGUAGE_STANDARD = gnu17;
				GCC_NO_COMMON_BLOCKS = YES;
				GCC_WARN_64_TO_32_BIT_CONVERSION = YES;
				GCC_WARN_ABOUT_RETURN_TYPE = YES_ERROR;
				GCC_WARN_UNDECLARED_SELECTOR = YES;
				GCC_WARN_UNINITIALIZED_AUTOS = YES_AGGRESSIVE;
				GCC_WARN_UNUSED_FUNCTION = YES;
				GCC_WARN_UNUSED_VARIABLE = YES;
				IPHONEOS_DEPLOYMENT_TARGET = 18.0;
				LOCALIZATION_PREFERS_STRING_CATALOGS = YES;
				MTL_ENABLE_DEBUG_INFO = NO;
				MTL_FAST_MATH = YES;
				SDKROOT = iphoneos;
				SWIFT_COMPILATION_MODE = wholemodule;
				VALIDATE_PRODUCT = YES;
			};
			name = Release;
		};
		1CC094E82CC81B370018C89D /* Debug */ = {
			isa = XCBuildConfiguration;
			buildSettings = {
				ASSETCATALOG_COMPILER_APPICON_NAME = AppIcon;
				ASSETCATALOG_COMPILER_GLOBAL_ACCENT_COLOR_NAME = AccentColor;
				CODE_SIGN_STYLE = Automatic;
				CURRENT_PROJECT_VERSION = 1;
				DEVELOPMENT_ASSET_PATHS = "\"GO/Preview Content\"";
				ENABLE_PREVIEWS = YES;
				GENERATE_INFOPLIST_FILE = YES;
				INFOPLIST_KEY_UIApplicationSceneManifest_Generation = YES;
				INFOPLIST_KEY_UIApplicationSupportsIndirectInputEvents = YES;
				INFOPLIST_KEY_UILaunchScreen_Generation = YES;
				INFOPLIST_KEY_UISupportedInterfaceOrientations_iPad = "UIInterfaceOrientationPortrait UIInterfaceOrientationPortraitUpsideDown UIInterfaceOrientationLandscapeLeft UIInterfaceOrientationLandscapeRight";
				INFOPLIST_KEY_UISupportedInterfaceOrientations_iPhone = "UIInterfaceOrientationPortrait UIInterfaceOrientationLandscapeLeft UIInterfaceOrientationLandscapeRight";
				LD_RUNPATH_SEARCH_PATHS = (
					"$(inherited)",
					"@executable_path/Frameworks",
				);
				MARKETING_VERSION = 1.0;
				PRODUCT_BUNDLE_IDENTIFIER = Srikar.GO;
				PRODUCT_NAME = "$(TARGET_NAME)";
				SWIFT_EMIT_LOC_STRINGS = YES;
				SWIFT_VERSION = 5.0;
				TARGETED_DEVICE_FAMILY = "1,2";
			};
			name = Debug;
		};
		1CC094E92CC81B370018C89D /* Release */ = {
			isa = XCBuildConfiguration;
			buildSettings = {
				ASSETCATALOG_COMPILER_APPICON_NAME = AppIcon;
				ASSETCATALOG_COMPILER_GLOBAL_ACCENT_COLOR_NAME = AccentColor;
				CODE_SIGN_STYLE = Automatic;
				CURRENT_PROJECT_VERSION = 1;
				DEVELOPMENT_ASSET_PATHS = "\"GO/Preview Content\"";
				ENABLE_PREVIEWS = YES;
				GENERATE_INFOPLIST_FILE = YES;
				INFOPLIST_KEY_UIApplicationSceneManifest_Generation = YES;
				INFOPLIST_KEY_UIApplicationSupportsIndirectInputEvents = YES;
				INFOPLIST_KEY_UILaunchScreen_Generation = YES;
				INFOPLIST_KEY_UISupportedInterfaceOrientations_iPad = "UIInterfaceOrientationPortrait UIInterfaceOrientationPortraitUpsideDown UIInterfaceOrientationLandscapeLeft UIInterfaceOrientationLandscapeRight";
				INFOPLIST_KEY_UISupportedInterfaceOrientations_iPhone = "UIInterfaceOrientationPortrait UIInterfaceOrientationLandscapeLeft UIInterfaceOrientationLandscapeRight";
				LD_RUNPATH_SEARCH_PATHS = (
					"$(inherited)",
					"@executable_path/Frameworks",
				);
				MARKETING_VERSION = 1.0;
				PRODUCT_BUNDLE_IDENTIFIER = Srikar.GO;
				PRODUCT_NAME = "$(TARGET_NAME)";
				SWIFT_EMIT_LOC_STRINGS = YES;
				SWIFT_VERSION = 5.0;
				TARGETED_DEVICE_FAMILY = "1,2";
			};
			name = Release;
		};
		1CC094EB2CC81B370018C89D /* Debug */ = {
			isa = XCBuildConfiguration;
			buildSettings = {
				BUNDLE_LOADER = "$(TEST_HOST)";
				CODE_SIGN_STYLE = Automatic;
				CURRENT_PROJECT_VERSION = 1;
				GENERATE_INFOPLIST_FILE = YES;
				IPHONEOS_DEPLOYMENT_TARGET = 18.0;
				MARKETING_VERSION = 1.0;
				PRODUCT_BUNDLE_IDENTIFIER = Srikar.GOTests;
				PRODUCT_NAME = "$(TARGET_NAME)";
				SWIFT_EMIT_LOC_STRINGS = NO;
				SWIFT_VERSION = 5.0;
				TARGETED_DEVICE_FAMILY = "1,2";
				TEST_HOST = "$(BUILT_PRODUCTS_DIR)/GO.app/$(BUNDLE_EXECUTABLE_FOLDER_PATH)/GO";
			};
			name = Debug;
		};
		1CC094EC2CC81B370018C89D /* Release */ = {
			isa = XCBuildConfiguration;
			buildSettings = {
				BUNDLE_LOADER = "$(TEST_HOST)";
				CODE_SIGN_STYLE = Automatic;
				CURRENT_PROJECT_VERSION = 1;
				GENERATE_INFOPLIST_FILE = YES;
				IPHONEOS_DEPLOYMENT_TARGET = 18.0;
				MARKETING_VERSION = 1.0;
				PRODUCT_BUNDLE_IDENTIFIER = Srikar.GOTests;
				PRODUCT_NAME = "$(TARGET_NAME)";
				SWIFT_EMIT_LOC_STRINGS = NO;
				SWIFT_VERSION = 5.0;
				TARGETED_DEVICE_FAMILY = "1,2";
				TEST_HOST = "$(BUILT_PRODUCTS_DIR)/GO.app/$(BUNDLE_EXECUTABLE_FOLDER_PATH)/GO";
			};
			name = Release;
		};
		1CC094EE2CC81B370018C89D /* Debug */ = {
			isa = XCBuildConfiguration;
			buildSettings = {
				CODE_SIGN_STYLE = Automatic;
				CURRENT_PROJECT_VERSION = 1;
				GENERATE_INFOPLIST_FILE = YES;
				MARKETING_VERSION = 1.0;
				PRODUCT_BUNDLE_IDENTIFIER = Srikar.GOUITests;
				PRODUCT_NAME = "$(TARGET_NAME)";
				SWIFT_EMIT_LOC_STRINGS = NO;
				SWIFT_VERSION = 5.0;
				TARGETED_DEVICE_FAMILY = "1,2";
				TEST_TARGET_NAME = GO;
			};
			name = Debug;
		};
		1CC094EF2CC81B370018C89D /* Release */ = {
			isa = XCBuildConfiguration;
			buildSettings = {
				CODE_SIGN_STYLE = Automatic;
				CURRENT_PROJECT_VERSION = 1;
				GENERATE_INFOPLIST_FILE = YES;
				MARKETING_VERSION = 1.0;
				PRODUCT_BUNDLE_IDENTIFIER = Srikar.GOUITests;
				PRODUCT_NAME = "$(TARGET_NAME)";
				SWIFT_EMIT_LOC_STRINGS = NO;
				SWIFT_VERSION = 5.0;
				TARGETED_DEVICE_FAMILY = "1,2";
				TEST_TARGET_NAME = GO;
			};
			name = Release;
		};
/* End XCBuildConfiguration section */

/* Begin XCConfigurationList section */
		1CC094BE2CC81B360018C89D /* Build configuration list for PBXProject "GO" */ = {
			isa = XCConfigurationList;
			buildConfigurations = (
				1CC094E52CC81B370018C89D /* Debug */,
				1CC094E62CC81B370018C89D /* Release */,
			);
			defaultConfigurationIsVisible = 0;
			defaultConfigurationName = Release;
		};
		1CC094E72CC81B370018C89D /* Build configuration list for PBXNativeTarget "GO" */ = {
			isa = XCConfigurationList;
			buildConfigurations = (
				1CC094E82CC81B370018C89D /* Debug */,
				1CC094E92CC81B370018C89D /* Release */,
			);
			defaultConfigurationIsVisible = 0;
			defaultConfigurationName = Release;
		};
		1CC094EA2CC81B370018C89D /* Build configuration list for PBXNativeTarget "GOTests" */ = {
			isa = XCConfigurationList;
			buildConfigurations = (
				1CC094EB2CC81B370018C89D /* Debug */,
				1CC094EC2CC81B370018C89D /* Release */,
			);
			defaultConfigurationIsVisible = 0;
			defaultConfigurationName = Release;
		};
		1CC094ED2CC81B370018C89D /* Build configuration list for PBXNativeTarget "GOUITests" */ = {
			isa = XCConfigurationList;
			buildConfigurations = (
				1CC094EE2CC81B370018C89D /* Debug */,
				1CC094EF2CC81B370018C89D /* Release */,
			);
			defaultConfigurationIsVisible = 0;
			defaultConfigurationName = Release;
		};
/* End XCConfigurationList section */

/* Begin XCRemoteSwiftPackageReference section */
		1C1AA93A2CC82338005CCE41 /* XCRemoteSwiftPackageReference "SVGKit" */ = {
			isa = XCRemoteSwiftPackageReference;
			repositoryURL = "https://github.com/SVGKit/SVGKit.git";
			requirement = {
				kind = upToNextMajorVersion;
				minimumVersion = 3.0.0;
			};
		};
		1C1AA93F2CC8285B005CCE41 /* XCRemoteSwiftPackageReference "firebase-ios-sdk" */ = {
			isa = XCRemoteSwiftPackageReference;
			repositoryURL = "https://github.com/firebase/firebase-ios-sdk";
			requirement = {
				kind = upToNextMajorVersion;
				minimumVersion = 11.4.0;
			};
		};
/* End XCRemoteSwiftPackageReference section */

/* Begin XCSwiftPackageProductDependency section */
		1C1AA93B2CC82338005CCE41 /* SVGKit */ = {
			isa = XCSwiftPackageProductDependency;
			package = 1C1AA93A2CC82338005CCE41 /* XCRemoteSwiftPackageReference "SVGKit" */;
			productName = SVGKit;
		};
		1C1AA93D2CC82338005CCE41 /* SVGKitSwift */ = {
			isa = XCSwiftPackageProductDependency;
			package = 1C1AA93A2CC82338005CCE41 /* XCRemoteSwiftPackageReference "SVGKit" */;
			productName = SVGKitSwift;
		};
		1C1AA9402CC8285B005CCE41 /* FirebaseAnalytics */ = {
			isa = XCSwiftPackageProductDependency;
			package = 1C1AA93F2CC8285B005CCE41 /* XCRemoteSwiftPackageReference "firebase-ios-sdk" */;
			productName = FirebaseAnalytics;
		};
		1C1AA9422CC8285B005CCE41 /* FirebaseAnalyticsOnDeviceConversion */ = {
			isa = XCSwiftPackageProductDependency;
			package = 1C1AA93F2CC8285B005CCE41 /* XCRemoteSwiftPackageReference "firebase-ios-sdk" */;
			productName = FirebaseAnalyticsOnDeviceConversion;
		};
		1C1AA9442CC8285B005CCE41 /* FirebaseAnalyticsWithoutAdIdSupport */ = {
			isa = XCSwiftPackageProductDependency;
			package = 1C1AA93F2CC8285B005CCE41 /* XCRemoteSwiftPackageReference "firebase-ios-sdk" */;
			productName = FirebaseAnalyticsWithoutAdIdSupport;
		};
		1C1AA9462CC8285B005CCE41 /* FirebaseAppCheck */ = {
			isa = XCSwiftPackageProductDependency;
			package = 1C1AA93F2CC8285B005CCE41 /* XCRemoteSwiftPackageReference "firebase-ios-sdk" */;
			productName = FirebaseAppCheck;
		};
		1C1AA9482CC8285B005CCE41 /* FirebaseAppDistribution-Beta */ = {
			isa = XCSwiftPackageProductDependency;
			package = 1C1AA93F2CC8285B005CCE41 /* XCRemoteSwiftPackageReference "firebase-ios-sdk" */;
			productName = "FirebaseAppDistribution-Beta";
		};
/* End XCSwiftPackageProductDependency section */
	};
	rootObject = 1CC094BB2CC81B360018C89D /* Project object */;
}
